<?xml version="1.0" encoding="utf-8"?>
<Project ToolsVersion="4.0" xmlns="http://schemas.microsoft.com/developer/msbuild/2003">
  <ItemGroup>
    <Filter Include="Header Files">
      <UniqueIdentifier>{93995380-89BD-4b04-88EB-625FBE52EBFB}</UniqueIdentifier>
      <Extensions>h;hpp;hxx;hm;inl;inc;xsd</Extensions>
    </Filter>
    <Filter Include="Resource Files">
      <UniqueIdentifier>{67DA6AB6-F800-4c08-8B7A-83BB121AAD01}</UniqueIdentifier>
      <Extensions>rc;ico;cur;bmp;dlg;rc2;rct;bin;rgs;gif;jpg;jpeg;jpe;resx</Extensions>
    </Filter>
    <Filter Include="Source Files">
      <UniqueIdentifier>{4FC737F1-C7A5-4376-A066-2A32D752A2FF}</UniqueIdentifier>
      <Extensions>cpp;c;cc;cxx;def;odl;idl;hpj;bat;asm;asmx</Extensions>
    </Filter>
  </ItemGroup>
  <ItemGroup>
    <ClInclude Include="..\examples\AmplitudeFollower.h">
      <Filter>Header Files</Filter>
    </ClInclude>
    <ClInclude Include="..\examples\FixedTempoEstimator.h">
      <Filter>Header Files</Filter>
    </ClInclude>
    <ClInclude Include="..\examples\PercussionOnsetDetector.h">
      <Filter>Header Files</Filter>
    </ClInclude>
    <ClInclude Include="..\vamp-sdk\plugguard.h">
      <Filter>Header Files</Filter>
    </ClInclude>
    <ClInclude Include="..\vamp-sdk\Plugin.h">
      <Filter>Header Files</Filter>
    </ClInclude>
    <ClInclude Include="..\vamp-sdk\PluginAdapter.h">
      <Filter>Header Files</Filter>
    </ClInclude>
    <ClInclude Include="..\vamp-sdk\PluginBase.h">
      <Filter>Header Files</Filter>
    </ClInclude>
    <ClInclude Include="..\vamp-sdk\RealTime.h">
      <Filter>Header Files</Filter>
    </ClInclude>
    <ClInclude Include="..\examples\SpectralCentroid.h">
      <Filter>Header Files</Filter>
    </ClInclude>
    <ClInclude Include="..\examples\PowerSpectrum.h">
      <Filter>Header Files</Filter>
    </ClInclude>
    <ClInclude Include="..\examples\ZeroCrossing.h">
      <Filter>Header Files</Filter>
    </ClInclude>
    <ClInclude Include="..\plugins\MelEnergy.h">
      <Filter>Source Files</Filter>
    </ClInclude>
    <ClInclude Include="..\plugins\Mfcc.h">
      <Filter>Source Files</Filter>
    </ClInclude>
    <ClInclude Include="..\plugins\Notes.h">
      <Filter>Source Files</Filter>
    </ClInclude>
    <ClInclude Include="..\plugins\Pitch.h">
      <Filter>Source Files</Filter>
    </ClInclude>
    <ClInclude Include="..\plugins\Silence.h">
      <Filter>Source Files</Filter>
    </ClInclude>
    <ClInclude Include="..\plugins\SpecDesc.h">
      <Filter>Source Files</Filter>
    </ClInclude>
    <ClInclude Include="..\plugins\Tempo.h">
      <Filter>Source Files</Filter>
    </ClInclude>
    <ClInclude Include="..\plugins\Types.h">
      <Filter>Source Files</Filter>
    </ClInclude>
    <ClInclude Include="..\plugins\Onset.h">
      <Filter>Source Files</Filter>
    </ClInclude>
  </ItemGroup>
  <ItemGroup>
    <ClCompile Include="..\src\vamp-sdk\PluginAdapter.cpp">
      <Filter>Source Files</Filter>
    </ClCompile>
    <ClCompile Include="..\src\vamp-sdk\RealTime.cpp">
      <Filter>Source Files</Filter>
    </ClCompile>
    <ClCompile Include="..\plugins\MelEnergy.cpp">
      <Filter>Source Files</Filter>
    </ClCompile>
    <ClCompile Include="..\plugins\Silence.cpp">
      <Filter>Source Files</Filter>
    </ClCompile>
    <ClCompile Include="..\plugins\Types.cpp">
      <Filter>Source Files</Filter>
    </ClCompile>
    <ClCompile Include="..\libmain.cpp">
      <Filter>Source Files</Filter>
    </ClCompile>
    <ClCompile Include="..\plugins\Mfcc.cpp">
      <Filter>Source Files</Filter>
    </ClCompile>
    <ClCompile Include="..\plugins\Notes.cpp">
      <Filter>Source Files</Filter>
    </ClCompile>
    <ClCompile Include="..\plugins\Onset.cpp">
      <Filter>Source Files</Filter>
    </ClCompile>
    <ClCompile Include="..\plugins\SpecDesc.cpp">
      <Filter>Source Files</Filter>
    </ClCompile>
    <ClCompile Include="..\plugins\Tempo.cpp">
      <Filter>Source Files</Filter>
    </ClCompile>
    <ClCompile Include="..\plugins\Pitch.cpp">
      <Filter>Source Files</Filter>
    </ClCompile>
  </ItemGroup>
</Project>